// !$*UTF8*$!
{
	archiveVersion = 1;
	classes = {
	};
	objectVersion = 46;
	objects = {

/* Begin PBXBuildFile section */
		6B85EE201D7571BB00566C49 /* HLAlbumPickerController.m in Sources */ = {isa = PBXBuildFile; fileRef = 6B85EE071D7571BB00566C49 /* HLAlbumPickerController.m */; };
		6B85EE211D7571BB00566C49 /* HLImagePickerController.m in Sources */ = {isa = PBXBuildFile; fileRef = 6B85EE091D7571BB00566C49 /* HLImagePickerController.m */; };
		6B85EE221D7571BB00566C49 /* HLPhotoController.m in Sources */ = {isa = PBXBuildFile; fileRef = 6B85EE0B1D7571BB00566C49 /* HLPhotoController.m */; };
		6B85EE231D7571BB00566C49 /* HLPhotoPickerController.m in Sources */ = {isa = PBXBuildFile; fileRef = 6B85EE0D1D7571BB00566C49 /* HLPhotoPickerController.m */; };
		6B85EE241D7571BB00566C49 /* HLPhotoPreviewController.m in Sources */ = {isa = PBXBuildFile; fileRef = 6B85EE0F1D7571BB00566C49 /* HLPhotoPreviewController.m */; };
		6B85EE251D7571BB00566C49 /* HLAlbumModel.m in Sources */ = {isa = PBXBuildFile; fileRef = 6B85EE121D7571BB00566C49 /* HLAlbumModel.m */; };
		6B85EE261D7571BB00566C49 /* HLAssetModel.m in Sources */ = {isa = PBXBuildFile; fileRef = 6B85EE141D7571BB00566C49 /* HLAssetModel.m */; };
		6B85EE271D7571BB00566C49 /* HLAlbumCell.m in Sources */ = {isa = PBXBuildFile; fileRef = 6B85EE171D7571BB00566C49 /* HLAlbumCell.m */; };
		6B85EE281D7571BB00566C49 /* HLAssetCameraCell.m in Sources */ = {isa = PBXBuildFile; fileRef = 6B85EE191D7571BB00566C49 /* HLAssetCameraCell.m */; };
		6B85EE291D7571BB00566C49 /* HLAssetCell.m in Sources */ = {isa = PBXBuildFile; fileRef = 6B85EE1B1D7571BB00566C49 /* HLAssetCell.m */; };
		6B85EE2A1D7571BB00566C49 /* HLGridView.m in Sources */ = {isa = PBXBuildFile; fileRef = 6B85EE1D1D7571BB00566C49 /* HLGridView.m */; };
		6B85EE2B1D7571BB00566C49 /* HLPhotoPreviewCell.m in Sources */ = {isa = PBXBuildFile; fileRef = 6B85EE1F1D7571BB00566C49 /* HLPhotoPreviewCell.m */; };
		6BACDEF21D766E1D00274906 /* UIImage+HLServiceBundle.m in Sources */ = {isa = PBXBuildFile; fileRef = 6BACDEF11D766E1D00274906 /* UIImage+HLServiceBundle.m */; };
		6BACDEF41D766EAD00274906 /* access_service.bundle in Resources */ = {isa = PBXBuildFile; fileRef = 6BACDEF31D766EAD00274906 /* access_service.bundle */; };
		6BACDF031D7675D400274906 /* HLAlbumPickerController.m in Sources */ = {isa = PBXBuildFile; fileRef = 6B85EE071D7571BB00566C49 /* HLAlbumPickerController.m */; };
		6BACDF041D7675D400274906 /* HLImagePickerController.m in Sources */ = {isa = PBXBuildFile; fileRef = 6B85EE091D7571BB00566C49 /* HLImagePickerController.m */; };
		6BACDF051D7675D400274906 /* HLPhotoController.m in Sources */ = {isa = PBXBuildFile; fileRef = 6B85EE0B1D7571BB00566C49 /* HLPhotoController.m */; };
		6BACDF061D7675D400274906 /* HLPhotoPickerController.m in Sources */ = {isa = PBXBuildFile; fileRef = 6B85EE0D1D7571BB00566C49 /* HLPhotoPickerController.m */; };
		6BACDF071D7675D400274906 /* HLPhotoPreviewController.m in Sources */ = {isa = PBXBuildFile; fileRef = 6B85EE0F1D7571BB00566C49 /* HLPhotoPreviewController.m */; };
		6BACDF081D7675D900274906 /* HLAlbumModel.m in Sources */ = {isa = PBXBuildFile; fileRef = 6B85EE121D7571BB00566C49 /* HLAlbumModel.m */; };
		6BACDF091D7675D900274906 /* HLAssetModel.m in Sources */ = {isa = PBXBuildFile; fileRef = 6B85EE141D7571BB00566C49 /* HLAssetModel.m */; };
		6BACDF0A1D7675E100274906 /* HLAlbumCell.m in Sources */ = {isa = PBXBuildFile; fileRef = 6B85EE171D7571BB00566C49 /* HLAlbumCell.m */; };
		6BACDF0B1D7675E100274906 /* HLAssetCameraCell.m in Sources */ = {isa = PBXBuildFile; fileRef = 6B85EE191D7571BB00566C49 /* HLAssetCameraCell.m */; };
		6BACDF0C1D7675E100274906 /* HLAssetCell.m in Sources */ = {isa = PBXBuildFile; fileRef = 6B85EE1B1D7571BB00566C49 /* HLAssetCell.m */; };
		6BACDF0D1D7675E100274906 /* HLGridView.m in Sources */ = {isa = PBXBuildFile; fileRef = 6B85EE1D1D7571BB00566C49 /* HLGridView.m */; };
		6BACDF0E1D7675E100274906 /* HLPhotoPreviewCell.m in Sources */ = {isa = PBXBuildFile; fileRef = 6B85EE1F1D7571BB00566C49 /* HLPhotoPreviewCell.m */; };
		6BACDF0F1D7675E600274906 /* UIImage+HLServiceBundle.m in Sources */ = {isa = PBXBuildFile; fileRef = 6BACDEF11D766E1D00274906 /* UIImage+HLServiceBundle.m */; };
		6BACDF101D7675E600274906 /* UIView+HLFrame.m in Sources */ = {isa = PBXBuildFile; fileRef = 6BE3A1501D75205A009E12C5 /* UIView+HLFrame.m */; };
		6BACDF111D7675F200274906 /* HLImageManager.m in Sources */ = {isa = PBXBuildFile; fileRef = 6BE3A1521D75205A009E12C5 /* HLImageManager.m */; };
		6BACDF121D7675F200274906 /* HLSharedData.m in Sources */ = {isa = PBXBuildFile; fileRef = 6BE3A1541D75205A009E12C5 /* HLSharedData.m */; };
		6BD066B81D717BB900215F8D /* main.m in Sources */ = {isa = PBXBuildFile; fileRef = 6BD066B71D717BB900215F8D /* main.m */; };
		6BD066BB1D717BB900215F8D /* AppDelegate.m in Sources */ = {isa = PBXBuildFile; fileRef = 6BD066BA1D717BB900215F8D /* AppDelegate.m */; };
		6BD066BE1D717BB900215F8D /* ViewController.m in Sources */ = {isa = PBXBuildFile; fileRef = 6BD066BD1D717BB900215F8D /* ViewController.m */; };
		6BD066C11D717BB900215F8D /* Main.storyboard in Resources */ = {isa = PBXBuildFile; fileRef = 6BD066BF1D717BB900215F8D /* Main.storyboard */; };
		6BD066C31D717BB900215F8D /* Assets.xcassets in Resources */ = {isa = PBXBuildFile; fileRef = 6BD066C21D717BB900215F8D /* Assets.xcassets */; };
		6BD066C61D717BB900215F8D /* LaunchScreen.storyboard in Resources */ = {isa = PBXBuildFile; fileRef = 6BD066C41D717BB900215F8D /* LaunchScreen.storyboard */; };
		6BE3A1701D75205A009E12C5 /* UIView+HLFrame.m in Sources */ = {isa = PBXBuildFile; fileRef = 6BE3A1501D75205A009E12C5 /* UIView+HLFrame.m */; };
		6BE3A1711D75205A009E12C5 /* HLImageManager.m in Sources */ = {isa = PBXBuildFile; fileRef = 6BE3A1521D75205A009E12C5 /* HLImageManager.m */; };
		6BE3A1721D75205A009E12C5 /* HLSharedData.m in Sources */ = {isa = PBXBuildFile; fileRef = 6BE3A1541D75205A009E12C5 /* HLSharedData.m */; };
/* End PBXBuildFile section */

/* Begin PBXCopyFilesBuildPhase section */
		6BACDEF81D76759600274906 /* CopyFiles */ = {
			isa = PBXCopyFilesBuildPhase;
			buildActionMask = 2147483647;
			dstPath = "include/$(PRODUCT_NAME)";
			dstSubfolderSpec = 16;
			files = (
			);
			runOnlyForDeploymentPostprocessing = 0;
		};
/* End PBXCopyFilesBuildPhase section */

/* Begin PBXFileReference section */
		6B85EE061D7571BB00566C49 /* HLAlbumPickerController.h */ = {isa = PBXFileReference; fileEncoding = 4; lastKnownFileType = sourcecode.c.h; path = HLAlbumPickerController.h; sourceTree = "<group>"; };
		6B85EE071D7571BB00566C49 /* HLAlbumPickerController.m */ = {isa = PBXFileReference; fileEncoding = 4; lastKnownFileType = sourcecode.c.objc; path = HLAlbumPickerController.m; sourceTree = "<group>"; };
		6B85EE081D7571BB00566C49 /* HLImagePickerController.h */ = {isa = PBXFileReference; fileEncoding = 4; lastKnownFileType = sourcecode.c.h; path = HLImagePickerController.h; sourceTree = "<group>"; };
		6B85EE091D7571BB00566C49 /* HLImagePickerController.m */ = {isa = PBXFileReference; fileEncoding = 4; lastKnownFileType = sourcecode.c.objc; path = HLImagePickerController.m; sourceTree = "<group>"; };
		6B85EE0A1D7571BB00566C49 /* HLPhotoController.h */ = {isa = PBXFileReference; fileEncoding = 4; lastKnownFileType = sourcecode.c.h; path = HLPhotoController.h; sourceTree = "<group>"; };
		6B85EE0B1D7571BB00566C49 /* HLPhotoController.m */ = {isa = PBXFileReference; fileEncoding = 4; lastKnownFileType = sourcecode.c.objc; path = HLPhotoController.m; sourceTree = "<group>"; };
		6B85EE0C1D7571BB00566C49 /* HLPhotoPickerController.h */ = {isa = PBXFileReference; fileEncoding = 4; lastKnownFileType = sourcecode.c.h; path = HLPhotoPickerController.h; sourceTree = "<group>"; };
		6B85EE0D1D7571BB00566C49 /* HLPhotoPickerController.m */ = {isa = PBXFileReference; fileEncoding = 4; lastKnownFileType = sourcecode.c.objc; path = HLPhotoPickerController.m; sourceTree = "<group>"; };
		6B85EE0E1D7571BB00566C49 /* HLPhotoPreviewController.h */ = {isa = PBXFileReference; fileEncoding = 4; lastKnownFileType = sourcecode.c.h; path = HLPhotoPreviewController.h; sourceTree = "<group>"; };
		6B85EE0F1D7571BB00566C49 /* HLPhotoPreviewController.m */ = {isa = PBXFileReference; fileEncoding = 4; lastKnownFileType = sourcecode.c.objc; path = HLPhotoPreviewController.m; sourceTree = "<group>"; };
		6B85EE111D7571BB00566C49 /* HLAlbumModel.h */ = {isa = PBXFileReference; fileEncoding = 4; lastKnownFileType = sourcecode.c.h; path = HLAlbumModel.h; sourceTree = "<group>"; };
		6B85EE121D7571BB00566C49 /* HLAlbumModel.m */ = {isa = PBXFileReference; fileEncoding = 4; lastKnownFileType = sourcecode.c.objc; path = HLAlbumModel.m; sourceTree = "<group>"; };
		6B85EE131D7571BB00566C49 /* HLAssetModel.h */ = {isa = PBXFileReference; fileEncoding = 4; lastKnownFileType = sourcecode.c.h; path = HLAssetModel.h; sourceTree = "<group>"; };
		6B85EE141D7571BB00566C49 /* HLAssetModel.m */ = {isa = PBXFileReference; fileEncoding = 4; lastKnownFileType = sourcecode.c.objc; path = HLAssetModel.m; sourceTree = "<group>"; };
		6B85EE161D7571BB00566C49 /* HLAlbumCell.h */ = {isa = PBXFileReference; fileEncoding = 4; lastKnownFileType = sourcecode.c.h; path = HLAlbumCell.h; sourceTree = "<group>"; };
		6B85EE171D7571BB00566C49 /* HLAlbumCell.m */ = {isa = PBXFileReference; fileEncoding = 4; lastKnownFileType = sourcecode.c.objc; path = HLAlbumCell.m; sourceTree = "<group>"; };
		6B85EE181D7571BB00566C49 /* HLAssetCameraCell.h */ = {isa = PBXFileReference; fileEncoding = 4; lastKnownFileType = sourcecode.c.h; path = HLAssetCameraCell.h; sourceTree = "<group>"; };
		6B85EE191D7571BB00566C49 /* HLAssetCameraCell.m */ = {isa = PBXFileReference; fileEncoding = 4; lastKnownFileType = sourcecode.c.objc; path = HLAssetCameraCell.m; sourceTree = "<group>"; };
		6B85EE1A1D7571BB00566C49 /* HLAssetCell.h */ = {isa = PBXFileReference; fileEncoding = 4; lastKnownFileType = sourcecode.c.h; path = HLAssetCell.h; sourceTree = "<group>"; };
		6B85EE1B1D7571BB00566C49 /* HLAssetCell.m */ = {isa = PBXFileReference; fileEncoding = 4; lastKnownFileType = sourcecode.c.objc; path = HLAssetCell.m; sourceTree = "<group>"; };
		6B85EE1C1D7571BB00566C49 /* HLGridView.h */ = {isa = PBXFileReference; fileEncoding = 4; lastKnownFileType = sourcecode.c.h; path = HLGridView.h; sourceTree = "<group>"; };
		6B85EE1D1D7571BB00566C49 /* HLGridView.m */ = {isa = PBXFileReference; fileEncoding = 4; lastKnownFileType = sourcecode.c.objc; path = HLGridView.m; sourceTree = "<group>"; };
		6B85EE1E1D7571BB00566C49 /* HLPhotoPreviewCell.h */ = {isa = PBXFileReference; fileEncoding = 4; lastKnownFileType = sourcecode.c.h; path = HLPhotoPreviewCell.h; sourceTree = "<group>"; };
		6B85EE1F1D7571BB00566C49 /* HLPhotoPreviewCell.m */ = {isa = PBXFileReference; fileEncoding = 4; lastKnownFileType = sourcecode.c.objc; path = HLPhotoPreviewCell.m; sourceTree = "<group>"; };
		6BACDEF01D766E1D00274906 /* UIImage+HLServiceBundle.h */ = {isa = PBXFileReference; fileEncoding = 4; lastKnownFileType = sourcecode.c.h; path = "UIImage+HLServiceBundle.h"; sourceTree = "<group>"; };
		6BACDEF11D766E1D00274906 /* UIImage+HLServiceBundle.m */ = {isa = PBXFileReference; fileEncoding = 4; lastKnownFileType = sourcecode.c.objc; path = "UIImage+HLServiceBundle.m"; sourceTree = "<group>"; };
		6BACDEF31D766EAD00274906 /* access_service.bundle */ = {isa = PBXFileReference; lastKnownFileType = "wrapper.plug-in"; path = access_service.bundle; sourceTree = "<group>"; };
		6BACDEFA1D76759600274906 /* libUISDK.a */ = {isa = PBXFileReference; explicitFileType = archive.ar; includeInIndex = 0; path = libUISDK.a; sourceTree = BUILT_PRODUCTS_DIR; };
		6BACDF141D76764700274906 /* Header.h */ = {isa = PBXFileReference; lastKnownFileType = sourcecode.c.h; path = Header.h; sourceTree = "<group>"; };
		6BD066B31D717BB800215F8D /* ImagePickerComponent.app */ = {isa = PBXFileReference; explicitFileType = wrapper.application; includeInIndex = 0; path = ImagePickerComponent.app; sourceTree = BUILT_PRODUCTS_DIR; };
		6BD066B71D717BB900215F8D /* main.m */ = {isa = PBXFileReference; lastKnownFileType = sourcecode.c.objc; path = main.m; sourceTree = "<group>"; };
		6BD066B91D717BB900215F8D /* AppDelegate.h */ = {isa = PBXFileReference; lastKnownFileType = sourcecode.c.h; path = AppDelegate.h; sourceTree = "<group>"; };
		6BD066BA1D717BB900215F8D /* AppDelegate.m */ = {isa = PBXFileReference; lastKnownFileType = sourcecode.c.objc; path = AppDelegate.m; sourceTree = "<group>"; };
		6BD066BC1D717BB900215F8D /* ViewController.h */ = {isa = PBXFileReference; lastKnownFileType = sourcecode.c.h; path = ViewController.h; sourceTree = "<group>"; };
		6BD066BD1D717BB900215F8D /* ViewController.m */ = {isa = PBXFileReference; lastKnownFileType = sourcecode.c.objc; path = ViewController.m; sourceTree = "<group>"; };
		6BD066C01D717BB900215F8D /* Base */ = {isa = PBXFileReference; lastKnownFileType = file.storyboard; name = Base; path = Base.lproj/Main.storyboard; sourceTree = "<group>"; };
		6BD066C21D717BB900215F8D /* Assets.xcassets */ = {isa = PBXFileReference; lastKnownFileType = folder.assetcatalog; path = Assets.xcassets; sourceTree = "<group>"; };
		6BD066C51D717BB900215F8D /* Base */ = {isa = PBXFileReference; lastKnownFileType = file.storyboard; name = Base; path = Base.lproj/LaunchScreen.storyboard; sourceTree = "<group>"; };
		6BD066C71D717BB900215F8D /* Info.plist */ = {isa = PBXFileReference; lastKnownFileType = text.plist.xml; path = Info.plist; sourceTree = "<group>"; };
		6BE3A14F1D75205A009E12C5 /* UIView+HLFrame.h */ = {isa = PBXFileReference; fileEncoding = 4; lastKnownFileType = sourcecode.c.h; path = "UIView+HLFrame.h"; sourceTree = "<group>"; };
		6BE3A1501D75205A009E12C5 /* UIView+HLFrame.m */ = {isa = PBXFileReference; fileEncoding = 4; lastKnownFileType = sourcecode.c.objc; path = "UIView+HLFrame.m"; sourceTree = "<group>"; };
		6BE3A1511D75205A009E12C5 /* HLImageManager.h */ = {isa = PBXFileReference; fileEncoding = 4; lastKnownFileType = sourcecode.c.h; path = HLImageManager.h; sourceTree = "<group>"; };
		6BE3A1521D75205A009E12C5 /* HLImageManager.m */ = {isa = PBXFileReference; fileEncoding = 4; lastKnownFileType = sourcecode.c.objc; path = HLImageManager.m; sourceTree = "<group>"; };
		6BE3A1531D75205A009E12C5 /* HLSharedData.h */ = {isa = PBXFileReference; fileEncoding = 4; lastKnownFileType = sourcecode.c.h; path = HLSharedData.h; sourceTree = "<group>"; };
		6BE3A1541D75205A009E12C5 /* HLSharedData.m */ = {isa = PBXFileReference; fileEncoding = 4; lastKnownFileType = sourcecode.c.objc; path = HLSharedData.m; sourceTree = "<group>"; };
		6BE3A1551D75205A009E12C5 /* PrefixHeader.pch */ = {isa = PBXFileReference; fileEncoding = 4; lastKnownFileType = sourcecode.c.h; path = PrefixHeader.pch; sourceTree = "<group>"; };
/* End PBXFileReference section */

/* Begin PBXFrameworksBuildPhase section */
		6BACDEF71D76759600274906 /* Frameworks */ = {
			isa = PBXFrameworksBuildPhase;
			buildActionMask = 2147483647;
			files = (
			);
			runOnlyForDeploymentPostprocessing = 0;
		};
		6BD066B01D717BB800215F8D /* Frameworks */ = {
			isa = PBXFrameworksBuildPhase;
			buildActionMask = 2147483647;
			files = (
			);
			runOnlyForDeploymentPostprocessing = 0;
		};
/* End PBXFrameworksBuildPhase section */

/* Begin PBXGroup section */
		6B85EE041D7571BB00566C49 /* ImageSelectorBrowse(图片选择器,展示,删除) */ = {
			isa = PBXGroup;
			children = (
				6B85EE051D7571BB00566C49 /* Controller */,
				6B85EE101D7571BB00566C49 /* Mode */,
				6B85EE151D7571BB00566C49 /* View */,
			);
			path = "ImageSelectorBrowse(图片选择器,展示,删除)";
			sourceTree = "<group>";
		};
		6B85EE051D7571BB00566C49 /* Controller */ = {
			isa = PBXGroup;
			children = (
				6B85EE061D7571BB00566C49 /* HLAlbumPickerController.h */,
				6B85EE071D7571BB00566C49 /* HLAlbumPickerController.m */,
				6B85EE081D7571BB00566C49 /* HLImagePickerController.h */,
				6B85EE091D7571BB00566C49 /* HLImagePickerController.m */,
				6B85EE0A1D7571BB00566C49 /* HLPhotoController.h */,
				6B85EE0B1D7571BB00566C49 /* HLPhotoController.m */,
				6B85EE0C1D7571BB00566C49 /* HLPhotoPickerController.h */,
				6B85EE0D1D7571BB00566C49 /* HLPhotoPickerController.m */,
				6B85EE0E1D7571BB00566C49 /* HLPhotoPreviewController.h */,
				6B85EE0F1D7571BB00566C49 /* HLPhotoPreviewController.m */,
			);
			path = Controller;
			sourceTree = "<group>";
		};
		6B85EE101D7571BB00566C49 /* Mode */ = {
			isa = PBXGroup;
			children = (
				6B85EE111D7571BB00566C49 /* HLAlbumModel.h */,
				6B85EE121D7571BB00566C49 /* HLAlbumModel.m */,
				6B85EE131D7571BB00566C49 /* HLAssetModel.h */,
				6B85EE141D7571BB00566C49 /* HLAssetModel.m */,
			);
			path = Mode;
			sourceTree = "<group>";
		};
		6B85EE151D7571BB00566C49 /* View */ = {
			isa = PBXGroup;
			children = (
				6B85EE161D7571BB00566C49 /* HLAlbumCell.h */,
				6B85EE171D7571BB00566C49 /* HLAlbumCell.m */,
				6B85EE181D7571BB00566C49 /* HLAssetCameraCell.h */,
				6B85EE191D7571BB00566C49 /* HLAssetCameraCell.m */,
				6B85EE1A1D7571BB00566C49 /* HLAssetCell.h */,
				6B85EE1B1D7571BB00566C49 /* HLAssetCell.m */,
				6B85EE1C1D7571BB00566C49 /* HLGridView.h */,
				6B85EE1D1D7571BB00566C49 /* HLGridView.m */,
				6B85EE1E1D7571BB00566C49 /* HLPhotoPreviewCell.h */,
				6B85EE1F1D7571BB00566C49 /* HLPhotoPreviewCell.m */,
			);
			path = View;
			sourceTree = "<group>";
		};
		6BACDF131D76763D00274906 /* UISDK */ = {
			isa = PBXGroup;
			children = (
				6BACDF141D76764700274906 /* Header.h */,
			);
			path = UISDK;
			sourceTree = "<group>";
		};
		6BD066AA1D717BB800215F8D = {
			isa = PBXGroup;
			children = (
				6BD066B51D717BB900215F8D /* ImagePickerComponent */,
				6BACDF131D76763D00274906 /* UISDK */,
				6BD066B41D717BB800215F8D /* Products */,
			);
			sourceTree = "<group>";
		};
		6BD066B41D717BB800215F8D /* Products */ = {
			isa = PBXGroup;
			children = (
				6BD066B31D717BB800215F8D /* ImagePickerComponent.app */,
				6BACDEFA1D76759600274906 /* libUISDK.a */,
			);
			name = Products;
			sourceTree = "<group>";
		};
		6BD066B51D717BB900215F8D /* ImagePickerComponent */ = {
			isa = PBXGroup;
			children = (
				6BE3A1321D75205A009E12C5 /* Classes */,
				6BD066B91D717BB900215F8D /* AppDelegate.h */,
				6BD066BA1D717BB900215F8D /* AppDelegate.m */,
				6BD066BC1D717BB900215F8D /* ViewController.h */,
				6BD066BD1D717BB900215F8D /* ViewController.m */,
				6BD066BF1D717BB900215F8D /* Main.storyboard */,
				6BD066C21D717BB900215F8D /* Assets.xcassets */,
				6BD066C41D717BB900215F8D /* LaunchScreen.storyboard */,
				6BD066C71D717BB900215F8D /* Info.plist */,
				6BD066B61D717BB900215F8D /* Supporting Files */,
			);
			path = ImagePickerComponent;
			sourceTree = "<group>";
		};
		6BD066B61D717BB900215F8D /* Supporting Files */ = {
			isa = PBXGroup;
			children = (
				6BD066B71D717BB900215F8D /* main.m */,
			);
			name = "Supporting Files";
			sourceTree = "<group>";
		};
		6BE3A1321D75205A009E12C5 /* Classes */ = {
			isa = PBXGroup;
			children = (
				6B85EE041D7571BB00566C49 /* ImageSelectorBrowse(图片选择器,展示,删除) */,
				6BE3A14D1D75205A009E12C5 /* Other */,
				6BE3A1561D75205A009E12C5 /* Resources */,
			);
			path = Classes;
			sourceTree = "<group>";
		};
		6BE3A14D1D75205A009E12C5 /* Other */ = {
			isa = PBXGroup;
			children = (
				6BE3A14E1D75205A009E12C5 /* Category */,
				6BE3A1511D75205A009E12C5 /* HLImageManager.h */,
				6BE3A1521D75205A009E12C5 /* HLImageManager.m */,
				6BE3A1531D75205A009E12C5 /* HLSharedData.h */,
				6BE3A1541D75205A009E12C5 /* HLSharedData.m */,
				6BE3A1551D75205A009E12C5 /* PrefixHeader.pch */,
			);
			path = Other;
			sourceTree = "<group>";
		};
		6BE3A14E1D75205A009E12C5 /* Category */ = {
			isa = PBXGroup;
			children = (
				6BACDEF01D766E1D00274906 /* UIImage+HLServiceBundle.h */,
				6BACDEF11D766E1D00274906 /* UIImage+HLServiceBundle.m */,
				6BE3A14F1D75205A009E12C5 /* UIView+HLFrame.h */,
				6BE3A1501D75205A009E12C5 /* UIView+HLFrame.m */,
			);
			path = Category;
			sourceTree = "<group>";
		};
		6BE3A1561D75205A009E12C5 /* Resources */ = {
			isa = PBXGroup;
			children = (
				6BACDEF31D766EAD00274906 /* access_service.bundle */,
			);
			path = Resources;
			sourceTree = "<group>";
		};
/* End PBXGroup section */

/* Begin PBXNativeTarget section */
		6BACDEF91D76759600274906 /* UISDK */ = {
			isa = PBXNativeTarget;
			buildConfigurationList = 6BACDF001D76759600274906 /* Build configuration list for PBXNativeTarget "UISDK" */;
			buildPhases = (
				6BACDEF61D76759600274906 /* Sources */,
				6BACDEF71D76759600274906 /* Frameworks */,
				6BACDEF81D76759600274906 /* CopyFiles */,
			);
			buildRules = (
			);
			dependencies = (
			);
			name = UISDK;
			productName = UISDK;
			productReference = 6BACDEFA1D76759600274906 /* libUISDK.a */;
			productType = "com.apple.product-type.library.static";
		};
		6BD066B21D717BB800215F8D /* ImagePickerComponent */ = {
			isa = PBXNativeTarget;
			buildConfigurationList = 6BD066CA1D717BB900215F8D /* Build configuration list for PBXNativeTarget "ImagePickerComponent" */;
			buildPhases = (
				6BD066AF1D717BB800215F8D /* Sources */,
				6BD066B01D717BB800215F8D /* Frameworks */,
				6BD066B11D717BB800215F8D /* Resources */,
			);
			buildRules = (
			);
			dependencies = (
			);
			name = ImagePickerComponent;
			productName = ImagePickerComponent;
			productReference = 6BD066B31D717BB800215F8D /* ImagePickerComponent.app */;
			productType = "com.apple.product-type.application";
		};
/* End PBXNativeTarget section */

/* Begin PBXProject section */
		6BD066AB1D717BB800215F8D /* Project object */ = {
			isa = PBXProject;
			attributes = {
				CLASSPREFIX = HL;
				LastUpgradeCheck = 0730;
				ORGANIZATIONNAME = wsj_proj;
				TargetAttributes = {
					6BACDEF91D76759600274906 = {
						CreatedOnToolsVersion = 7.3.1;
					};
					6BD066B21D717BB800215F8D = {
						CreatedOnToolsVersion = 7.3.1;
					};
				};
			};
			buildConfigurationList = 6BD066AE1D717BB800215F8D /* Build configuration list for PBXProject "ImagePickerComponent" */;
			compatibilityVersion = "Xcode 3.2";
			developmentRegion = English;
			hasScannedForEncodings = 0;
			knownRegions = (
				en,
				Base,
			);
			mainGroup = 6BD066AA1D717BB800215F8D;
			productRefGroup = 6BD066B41D717BB800215F8D /* Products */;
			projectDirPath = "";
			projectRoot = "";
			targets = (
				6BD066B21D717BB800215F8D /* ImagePickerComponent */,
				6BACDEF91D76759600274906 /* UISDK */,
			);
		};
/* End PBXProject section */

/* Begin PBXResourcesBuildPhase section */
		6BD066B11D717BB800215F8D /* Resources */ = {
			isa = PBXResourcesBuildPhase;
			buildActionMask = 2147483647;
			files = (
				6BACDEF41D766EAD00274906 /* access_service.bundle in Resources */,
				6BD066C61D717BB900215F8D /* LaunchScreen.storyboard in Resources */,
				6BD066C31D717BB900215F8D /* Assets.xcassets in Resources */,
				6BD066C11D717BB900215F8D /* Main.storyboard in Resources */,
			);
			runOnlyForDeploymentPostprocessing = 0;
		};
/* End PBXResourcesBuildPhase section */

/* Begin PBXSourcesBuildPhase section */
		6BACDEF61D76759600274906 /* Sources */ = {
			isa = PBXSourcesBuildPhase;
			buildActionMask = 2147483647;
			files = (
				6BACDF0C1D7675E100274906 /* HLAssetCell.m in Sources */,
				6BACDF061D7675D400274906 /* HLPhotoPickerController.m in Sources */,
				6BACDF111D7675F200274906 /* HLImageManager.m in Sources */,
				6BACDF0F1D7675E600274906 /* UIImage+HLServiceBundle.m in Sources */,
				6BACDF081D7675D900274906 /* HLAlbumModel.m in Sources */,
				6BACDF101D7675E600274906 /* UIView+HLFrame.m in Sources */,
				6BACDF0B1D7675E100274906 /* HLAssetCameraCell.m in Sources */,
				6BACDF091D7675D900274906 /* HLAssetModel.m in Sources */,
				6BACDF031D7675D400274906 /* HLAlbumPickerController.m in Sources */,
				6BACDF071D7675D400274906 /* HLPhotoPreviewController.m in Sources */,
				6BACDF0E1D7675E100274906 /* HLPhotoPreviewCell.m in Sources */,
				6BACDF0A1D7675E100274906 /* HLAlbumCell.m in Sources */,
				6BACDF041D7675D400274906 /* HLImagePickerController.m in Sources */,
				6BACDF0D1D7675E100274906 /* HLGridView.m in Sources */,
				6BACDF121D7675F200274906 /* HLSharedData.m in Sources */,
				6BACDF051D7675D400274906 /* HLPhotoController.m in Sources */,
			);
			runOnlyForDeploymentPostprocessing = 0;
		};
		6BD066AF1D717BB800215F8D /* Sources */ = {
			isa = PBXSourcesBuildPhase;
			buildActionMask = 2147483647;
			files = (
				6BACDEF21D766E1D00274906 /* UIImage+HLServiceBundle.m in Sources */,
				6BD066BE1D717BB900215F8D /* ViewController.m in Sources */,
				6BE3A1701D75205A009E12C5 /* UIView+HLFrame.m in Sources */,
				6B85EE241D7571BB00566C49 /* HLPhotoPreviewController.m in Sources */,
				6B85EE221D7571BB00566C49 /* HLPhotoController.m in Sources */,
				6BD066BB1D717BB900215F8D /* AppDelegate.m in Sources */,
				6B85EE201D7571BB00566C49 /* HLAlbumPickerController.m in Sources */,
				6B85EE261D7571BB00566C49 /* HLAssetModel.m in Sources */,
				6B85EE2B1D7571BB00566C49 /* HLPhotoPreviewCell.m in Sources */,
				6B85EE271D7571BB00566C49 /* HLAlbumCell.m in Sources */,
				6B85EE281D7571BB00566C49 /* HLAssetCameraCell.m in Sources */,
				6BD066B81D717BB900215F8D /* main.m in Sources */,
				6B85EE251D7571BB00566C49 /* HLAlbumModel.m in Sources */,
				6B85EE211D7571BB00566C49 /* HLImagePickerController.m in Sources */,
				6B85EE291D7571BB00566C49 /* HLAssetCell.m in Sources */,
				6BE3A1721D75205A009E12C5 /* HLSharedData.m in Sources */,
				6B85EE2A1D7571BB00566C49 /* HLGridView.m in Sources */,
				6B85EE231D7571BB00566C49 /* HLPhotoPickerController.m in Sources */,
				6BE3A1711D75205A009E12C5 /* HLImageManager.m in Sources */,
			);
			runOnlyForDeploymentPostprocessing = 0;
		};
/* End PBXSourcesBuildPhase section */

/* Begin PBXVariantGroup section */
		6BD066BF1D717BB900215F8D /* Main.storyboard */ = {
			isa = PBXVariantGroup;
			children = (
				6BD066C01D717BB900215F8D /* Base */,
			);
			name = Main.storyboard;
			sourceTree = "<group>";
		};
		6BD066C41D717BB900215F8D /* LaunchScreen.storyboard */ = {
			isa = PBXVariantGroup;
			children = (
				6BD066C51D717BB900215F8D /* Base */,
			);
			name = LaunchScreen.storyboard;
			sourceTree = "<group>";
		};
/* End PBXVariantGroup section */

/* Begin XCBuildConfiguration section */
		6BACDF011D76759600274906 /* Debug */ = {
			isa = XCBuildConfiguration;
			buildSettings = {
				GCC_PRECOMPILE_PREFIX_HEADER = YES;
				GCC_PREFIX_HEADER = "$(PROJECT_DIR)/$(PROJECT_NAME)/Classes/Other/PrefixHeader.pch";
				OTHER_LDFLAGS = "-ObjC";
				PRODUCT_NAME = "$(TARGET_NAME)";
				SKIP_INSTALL = YES;
			};
			name = Debug;
		};
		6BACDF021D76759600274906 /* Release */ = {
			isa = XCBuildConfiguration;
			buildSettings = {
				GCC_PRECOMPILE_PREFIX_HEADER = YES;
				GCC_PREFIX_HEADER = "$(PROJECT_DIR)/$(PROJECT_NAME)/Classes/Other/PrefixHeader.pch";
				OTHER_LDFLAGS = "-ObjC";
				PRODUCT_NAME = "$(TARGET_NAME)";
				SKIP_INSTALL = YES;
			};
			name = Release;
		};
		6BD066C81D717BB900215F8D /* Debug */ = {
			isa = XCBuildConfiguration;
			buildSettings = {
				ALWAYS_SEARCH_USER_PATHS = NO;
				CLANG_ANALYZER_NONNULL = YES;
				CLANG_CXX_LANGUAGE_STANDARD = "gnu++0x";
				CLANG_CXX_LIBRARY = "libc++";
				CLANG_ENABLE_MODULES = YES;
				CLANG_ENABLE_OBJC_ARC = YES;
				CLANG_WARN_BOOL_CONVERSION = YES;
				CLANG_WARN_CONSTANT_CONVERSION = YES;
				CLANG_WARN_DIRECT_OBJC_ISA_USAGE = YES_ERROR;
				CLANG_WARN_EMPTY_BODY = YES;
				CLANG_WARN_ENUM_CONVERSION = YES;
				CLANG_WARN_INT_CONVERSION = YES;
				CLANG_WARN_OBJC_ROOT_CLASS = YES_ERROR;
				CLANG_WARN_UNREACHABLE_CODE = YES;
				CLANG_WARN__DUPLICATE_METHOD_MATCH = YES;
				"CODE_SIGN_IDENTITY[sdk=iphoneos*]" = "iPhone Developer";
				COPY_PHASE_STRIP = NO;
				DEBUG_INFORMATION_FORMAT = dwarf;
				ENABLE_STRICT_OBJC_MSGSEND = YES;
				ENABLE_TESTABILITY = YES;
				GCC_C_LANGUAGE_STANDARD = gnu99;
				GCC_DYNAMIC_NO_PIC = NO;
				GCC_NO_COMMON_BLOCKS = YES;
				GCC_OPTIMIZATION_LEVEL = 0;
				GCC_PREPROCESSOR_DEFINITIONS = (
					"DEBUG=1",
					"$(inherited)",
				);
				GCC_WARN_64_TO_32_BIT_CONVERSION = YES;
				GCC_WARN_ABOUT_RETURN_TYPE = YES_ERROR;
				GCC_WARN_UNDECLARED_SELECTOR = YES;
				GCC_WARN_UNINITIALIZED_AUTOS = YES_AGGRESSIVE;
				GCC_WARN_UNUSED_FUNCTION = YES;
				GCC_WARN_UNUSED_VARIABLE = YES;
				IPHONEOS_DEPLOYMENT_TARGET = 9.3;
				MTL_ENABLE_DEBUG_INFO = YES;
				ONLY_ACTIVE_ARCH = YES;
				SDKROOT = iphoneos;
			};
			name = Debug;
		};
		6BD066C91D717BB900215F8D /* Release */ = {
			isa = XCBuildConfiguration;
			buildSettings = {
				ALWAYS_SEARCH_USER_PATHS = NO;
				CLANG_ANALYZER_NONNULL = YES;
				CLANG_CXX_LANGUAGE_STANDARD = "gnu++0x";
				CLANG_CXX_LIBRARY = "libc++";
				CLANG_ENABLE_MODULES = YES;
				CLANG_ENABLE_OBJC_ARC = YES;
				CLANG_WARN_BOOL_CONVERSION = YES;
				CLANG_WARN_CONSTANT_CONVERSION = YES;
				CLANG_WARN_DIRECT_OBJC_ISA_USAGE = YES_ERROR;
				CLANG_WARN_EMPTY_BODY = YES;
				CLANG_WARN_ENUM_CONVERSION = YES;
				CLANG_WARN_INT_CONVERSION = YES;
				CLANG_WARN_OBJC_ROOT_CLASS = YES_ERROR;
				CLANG_WARN_UNREACHABLE_CODE = YES;
				CLANG_WARN__DUPLICATE_METHOD_MATCH = YES;
				"CODE_SIGN_IDENTITY[sdk=iphoneos*]" = "iPhone Developer";
				COPY_PHASE_STRIP = NO;
				DEBUG_INFORMATION_FORMAT = "dwarf-with-dsym";
				ENABLE_NS_ASSERTIONS = NO;
				ENABLE_STRICT_OBJC_MSGSEND = YES;
				GCC_C_LANGUAGE_STANDARD = gnu99;
				GCC_NO_COMMON_BLOCKS = YES;
				GCC_WARN_64_TO_32_BIT_CONVERSION = YES;
				GCC_WARN_ABOUT_RETURN_TYPE = YES_ERROR;
				GCC_WARN_UNDECLARED_SELECTOR = YES;
				GCC_WARN_UNINITIALIZED_AUTOS = YES_AGGRESSIVE;
				GCC_WARN_UNUSED_FUNCTION = YES;
				GCC_WARN_UNUSED_VARIABLE = YES;
				IPHONEOS_DEPLOYMENT_TARGET = 9.3;
				MTL_ENABLE_DEBUG_INFO = NO;
				SDKROOT = iphoneos;
				VALIDATE_PRODUCT = YES;
			};
			name = Release;
		};
		6BD066CB1D717BB900215F8D /* Debug */ = {
			isa = XCBuildConfiguration;
			buildSettings = {
				ASSETCATALOG_COMPILER_APPICON_NAME = AppIcon;
				GCC_PRECOMPILE_PREFIX_HEADER = YES;
				GCC_PREFIX_HEADER = "$(PROJECT_DIR)/$(PROJECT_NAME)/Classes/Other/PrefixHeader.pch";
				INFOPLIST_FILE = ImagePickerComponent/Info.plist;
				LD_RUNPATH_SEARCH_PATHS = "$(inherited) @executable_path/Frameworks";
				PRODUCT_BUNDLE_IDENTIFIER = org.wsj.ImagePickerComponent;
				PRODUCT_NAME = "$(TARGET_NAME)";
			};
			name = Debug;
		};
		6BD066CC1D717BB900215F8D /* Release */ = {
			isa = XCBuildConfiguration;
			buildSettings = {
				ASSETCATALOG_COMPILER_APPICON_NAME = AppIcon;
				GCC_PRECOMPILE_PREFIX_HEADER = YES;
				GCC_PREFIX_HEADER = "$(PROJECT_DIR)/$(PROJECT_NAME)/Classes/Other/PrefixHeader.pch";
				INFOPLIST_FILE = ImagePickerComponent/Info.plist;
				LD_RUNPATH_SEARCH_PATHS = "$(inherited) @executable_path/Frameworks";
				PRODUCT_BUNDLE_IDENTIFIER = org.wsj.ImagePickerComponent;
				PRODUCT_NAME = "$(TARGET_NAME)";
			};
			name = Release;
		};
/* End XCBuildConfiguration section */

/* Begin XCConfigurationList section */
		6BACDF001D76759600274906 /* Build configuration list for PBXNativeTarget "UISDK" */ = {
			isa = XCConfigurationList;
			buildConfigurations = (
				6BACDF011D76759600274906 /* Debug */,
				6BACDF021D76759600274906 /* Release */,
			);
			defaultConfigurationIsVisible = 0;
		};
		6BD066AE1D717BB800215F8D /* Build configuration list for PBXProject "ImagePickerComponent" */ = {
			isa = XCConfigurationList;
			buildConfigurations = (
				6BD066C81D717BB900215F8D /* Debug */,
				6BD066C91D717BB900215F8D /* Release */,
			);
			defaultConfigurationIsVisible = 0;
			defaultConfigurationName = Release;
		};
		6BD066CA1D717BB900215F8D /* Build configuration list for PBXNativeTarget "ImagePickerComponent" */ = {
			isa = XCConfigurationList;
			buildConfigurations = (
				6BD066CB1D717BB900215F8D /* Debug */,
				6BD066CC1D717BB900215F8D /* Release */,
			);
			defaultConfigurationIsVisible = 0;
			defaultConfigurationName = Release;
		};
/* End XCConfigurationList section */
	};
	rootObject = 6BD066AB1D717BB800215F8D /* Project object */;
}
